// !$*UTF8*$!
{
	archiveVersion = 1;
	classes = {
	};
	objectVersion = 55;
	objects = {

/* Begin PBXBuildFile section */
		3646642728AE644500844B17 /* NetworkApp.swift in Sources */ = {isa = PBXBuildFile; fileRef = 3646642628AE644500844B17 /* NetworkApp.swift */; };
		3646642928AE644500844B17 /* ContentView.swift in Sources */ = {isa = PBXBuildFile; fileRef = 3646642828AE644500844B17 /* ContentView.swift */; };
		3646642B28AE644600844B17 /* Assets.xcassets in Resources */ = {isa = PBXBuildFile; fileRef = 3646642A28AE644600844B17 /* Assets.xcassets */; };
		3646642E28AE644600844B17 /* Preview Assets.xcassets in Resources */ = {isa = PBXBuildFile; fileRef = 3646642D28AE644600844B17 /* Preview Assets.xcassets */; };
		3646643828AE644600844B17 /* NetworkTests.swift in Sources */ = {isa = PBXBuildFile; fileRef = 3646643728AE644600844B17 /* NetworkTests.swift */; };
		3646644228AE644600844B17 /* NetworkUITests.swift in Sources */ = {isa = PBXBuildFile; fileRef = 3646644128AE644600844B17 /* NetworkUITests.swift */; };
		3646644428AE644600844B17 /* NetworkUITestsLaunchTests.swift in Sources */ = {isa = PBXBuildFile; fileRef = 3646644328AE644600844B17 /* NetworkUITestsLaunchTests.swift */; };
		3646645328AE655600844B17 /* ApiService.swift in Sources */ = {isa = PBXBuildFile; fileRef = 3646645228AE655600844B17 /* ApiService.swift */; };
		3646645628AE6D1800844B17 /* UserModel.swift in Sources */ = {isa = PBXBuildFile; fileRef = 3646645528AE6D1800844B17 /* UserModel.swift */; };
		3646645828AE6FFB00844B17 /* PostModel.swift in Sources */ = {isa = PBXBuildFile; fileRef = 3646645728AE6FFB00844B17 /* PostModel.swift */; };
		3646645B28AE73C000844B17 /* UsersView.swift in Sources */ = {isa = PBXBuildFile; fileRef = 3646645A28AE73C000844B17 /* UsersView.swift */; };
		3646645D28AE796D00844B17 /* PostsView.swift in Sources */ = {isa = PBXBuildFile; fileRef = 3646645C28AE796D00844B17 /* PostsView.swift */; };
		3646645F28AE825600844B17 /* NewUserView.swift in Sources */ = {isa = PBXBuildFile; fileRef = 3646645E28AE825600844B17 /* NewUserView.swift */; };
		3646646228AE899A00844B17 /* UserController.swift in Sources */ = {isa = PBXBuildFile; fileRef = 3646646128AE899A00844B17 /* UserController.swift */; };
/* End PBXBuildFile section */

/* Begin PBXContainerItemProxy section */
		3646643428AE644600844B17 /* PBXContainerItemProxy */ = {
			isa = PBXContainerItemProxy;
			containerPortal = 3646641B28AE644500844B17 /* Project object */;
			proxyType = 1;
			remoteGlobalIDString = 3646642228AE644500844B17;
			remoteInfo = Network;
		};
		3646643E28AE644600844B17 /* PBXContainerItemProxy */ = {
			isa = PBXContainerItemProxy;
			containerPortal = 3646641B28AE644500844B17 /* Project object */;
			proxyType = 1;
			remoteGlobalIDString = 3646642228AE644500844B17;
			remoteInfo = Network;
		};
/* End PBXContainerItemProxy section */

/* Begin PBXFileReference section */
		3646642328AE644500844B17 /* Network.app */ = {isa = PBXFileReference; explicitFileType = wrapper.application; includeInIndex = 0; path = Network.app; sourceTree = BUILT_PRODUCTS_DIR; };
		3646642628AE644500844B17 /* NetworkApp.swift */ = {isa = PBXFileReference; lastKnownFileType = sourcecode.swift; path = NetworkApp.swift; sourceTree = "<group>"; };
		3646642828AE644500844B17 /* ContentView.swift */ = {isa = PBXFileReference; lastKnownFileType = sourcecode.swift; path = ContentView.swift; sourceTree = "<group>"; };
		3646642A28AE644600844B17 /* Assets.xcassets */ = {isa = PBXFileReference; lastKnownFileType = folder.assetcatalog; path = Assets.xcassets; sourceTree = "<group>"; };
		3646642D28AE644600844B17 /* Preview Assets.xcassets */ = {isa = PBXFileReference; lastKnownFileType = folder.assetcatalog; path = "Preview Assets.xcassets"; sourceTree = "<group>"; };
		3646643328AE644600844B17 /* NetworkTests.xctest */ = {isa = PBXFileReference; explicitFileType = wrapper.cfbundle; includeInIndex = 0; path = NetworkTests.xctest; sourceTree = BUILT_PRODUCTS_DIR; };
		3646643728AE644600844B17 /* NetworkTests.swift */ = {isa = PBXFileReference; lastKnownFileType = sourcecode.swift; path = NetworkTests.swift; sourceTree = "<group>"; };
		3646643D28AE644600844B17 /* NetworkUITests.xctest */ = {isa = PBXFileReference; explicitFileType = wrapper.cfbundle; includeInIndex = 0; path = NetworkUITests.xctest; sourceTree = BUILT_PRODUCTS_DIR; };
		3646644128AE644600844B17 /* NetworkUITests.swift */ = {isa = PBXFileReference; lastKnownFileType = sourcecode.swift; path = NetworkUITests.swift; sourceTree = "<group>"; };
		3646644328AE644600844B17 /* NetworkUITestsLaunchTests.swift */ = {isa = PBXFileReference; lastKnownFileType = sourcecode.swift; path = NetworkUITestsLaunchTests.swift; sourceTree = "<group>"; };
		3646645228AE655600844B17 /* ApiService.swift */ = {isa = PBXFileReference; lastKnownFileType = sourcecode.swift; path = ApiService.swift; sourceTree = "<group>"; };
		3646645528AE6D1800844B17 /* UserModel.swift */ = {isa = PBXFileReference; lastKnownFileType = sourcecode.swift; path = UserModel.swift; sourceTree = "<group>"; };
		3646645728AE6FFB00844B17 /* PostModel.swift */ = {isa = PBXFileReference; lastKnownFileType = sourcecode.swift; path = PostModel.swift; sourceTree = "<group>"; };
		3646645A28AE73C000844B17 /* UsersView.swift */ = {isa = PBXFileReference; lastKnownFileType = sourcecode.swift; path = UsersView.swift; sourceTree = "<group>"; };
		3646645C28AE796D00844B17 /* PostsView.swift */ = {isa = PBXFileReference; lastKnownFileType = sourcecode.swift; path = PostsView.swift; sourceTree = "<group>"; };
		3646645E28AE825600844B17 /* NewUserView.swift */ = {isa = PBXFileReference; lastKnownFileType = sourcecode.swift; path = NewUserView.swift; sourceTree = "<group>"; };
		3646646128AE899A00844B17 /* UserController.swift */ = {isa = PBXFileReference; lastKnownFileType = sourcecode.swift; path = UserController.swift; sourceTree = "<group>"; };
/* End PBXFileReference section */

/* Begin PBXFrameworksBuildPhase section */
		3646642028AE644500844B17 /* Frameworks */ = {
			isa = PBXFrameworksBuildPhase;
			buildActionMask = 2147483647;
			files = (
			);
			runOnlyForDeploymentPostprocessing = 0;
		};
		3646643028AE644600844B17 /* Frameworks */ = {
			isa = PBXFrameworksBuildPhase;
			buildActionMask = 2147483647;
			files = (
			);
			runOnlyForDeploymentPostprocessing = 0;
		};
		3646643A28AE644600844B17 /* Frameworks */ = {
			isa = PBXFrameworksBuildPhase;
			buildActionMask = 2147483647;
			files = (
			);
			runOnlyForDeploymentPostprocessing = 0;
		};
/* End PBXFrameworksBuildPhase section */

/* Begin PBXGroup section */
		3646641A28AE644500844B17 = {
			isa = PBXGroup;
			children = (
				3646646028AE898900844B17 /* Controller */,
				3646645928AE738D00844B17 /* View */,
				3646645428AE6CEE00844B17 /* Model */,
				3646645028AE645200844B17 /* Service */,
				3646642528AE644500844B17 /* Network */,
				3646643628AE644600844B17 /* NetworkTests */,
				3646644028AE644600844B17 /* NetworkUITests */,
				3646642428AE644500844B17 /* Products */,
			);
			sourceTree = "<group>";
		};
		3646642428AE644500844B17 /* Products */ = {
			isa = PBXGroup;
			children = (
				3646642328AE644500844B17 /* Network.app */,
				3646643328AE644600844B17 /* NetworkTests.xctest */,
				3646643D28AE644600844B17 /* NetworkUITests.xctest */,
			);
			name = Products;
			sourceTree = "<group>";
		};
		3646642528AE644500844B17 /* Network */ = {
			isa = PBXGroup;
			children = (
				3646642628AE644500844B17 /* NetworkApp.swift */,
				3646642828AE644500844B17 /* ContentView.swift */,
				3646642A28AE644600844B17 /* Assets.xcassets */,
				3646642C28AE644600844B17 /* Preview Content */,
			);
			path = Network;
			sourceTree = "<group>";
		};
		3646642C28AE644600844B17 /* Preview Content */ = {
			isa = PBXGroup;
			children = (
				3646642D28AE644600844B17 /* Preview Assets.xcassets */,
			);
			path = "Preview Content";
			sourceTree = "<group>";
		};
		3646643628AE644600844B17 /* NetworkTests */ = {
			isa = PBXGroup;
			children = (
				3646643728AE644600844B17 /* NetworkTests.swift */,
			);
			path = NetworkTests;
			sourceTree = "<group>";
		};
		3646644028AE644600844B17 /* NetworkUITests */ = {
			isa = PBXGroup;
			children = (
				3646644128AE644600844B17 /* NetworkUITests.swift */,
				3646644328AE644600844B17 /* NetworkUITestsLaunchTests.swift */,
			);
			path = NetworkUITests;
			sourceTree = "<group>";
		};
		3646645028AE645200844B17 /* Service */ = {
			isa = PBXGroup;
			children = (
				3646645228AE655600844B17 /* ApiService.swift */,
			);
			path = Service;
			sourceTree = "<group>";
		};
		3646645428AE6CEE00844B17 /* Model */ = {
			isa = PBXGroup;
			children = (
				3646645528AE6D1800844B17 /* UserModel.swift */,
				3646645728AE6FFB00844B17 /* PostModel.swift */,
			);
			path = Model;
			sourceTree = "<group>";
		};
		3646645928AE738D00844B17 /* View */ = {
			isa = PBXGroup;
			children = (
				3646645A28AE73C000844B17 /* UsersView.swift */,
				3646645C28AE796D00844B17 /* PostsView.swift */,
				3646645E28AE825600844B17 /* NewUserView.swift */,
			);
			path = View;
			sourceTree = "<group>";
		};
		3646646028AE898900844B17 /* Controller */ = {
			isa = PBXGroup;
			children = (
				3646646128AE899A00844B17 /* UserController.swift */,
			);
			path = Controller;
			sourceTree = "<group>";
		};
/* End PBXGroup section */

/* Begin PBXNativeTarget section */
		3646642228AE644500844B17 /* Network */ = {
			isa = PBXNativeTarget;
			buildConfigurationList = 3646644728AE644600844B17 /* Build configuration list for PBXNativeTarget "Network" */;
			buildPhases = (
				3646641F28AE644500844B17 /* Sources */,
				3646642028AE644500844B17 /* Frameworks */,
				3646642128AE644500844B17 /* Resources */,
			);
			buildRules = (
			);
			dependencies = (
			);
			name = Network;
			productName = Network;
			productReference = 3646642328AE644500844B17 /* Network.app */;
			productType = "com.apple.product-type.application";
		};
		3646643228AE644600844B17 /* NetworkTests */ = {
			isa = PBXNativeTarget;
			buildConfigurationList = 3646644A28AE644600844B17 /* Build configuration list for PBXNativeTarget "NetworkTests" */;
			buildPhases = (
				3646642F28AE644600844B17 /* Sources */,
				3646643028AE644600844B17 /* Frameworks */,
				3646643128AE644600844B17 /* Resources */,
			);
			buildRules = (
			);
			dependencies = (
				3646643528AE644600844B17 /* PBXTargetDependency */,
			);
			name = NetworkTests;
			productName = NetworkTests;
			productReference = 3646643328AE644600844B17 /* NetworkTests.xctest */;
			productType = "com.apple.product-type.bundle.unit-test";
		};
		3646643C28AE644600844B17 /* NetworkUITests */ = {
			isa = PBXNativeTarget;
			buildConfigurationList = 3646644D28AE644600844B17 /* Build configuration list for PBXNativeTarget "NetworkUITests" */;
			buildPhases = (
				3646643928AE644600844B17 /* Sources */,
				3646643A28AE644600844B17 /* Frameworks */,
				3646643B28AE644600844B17 /* Resources */,
			);
			buildRules = (
			);
			dependencies = (
				3646643F28AE644600844B17 /* PBXTargetDependency */,
			);
			name = NetworkUITests;
			productName = NetworkUITests;
			productReference = 3646643D28AE644600844B17 /* NetworkUITests.xctest */;
			productType = "com.apple.product-type.bundle.ui-testing";
		};
/* End PBXNativeTarget section */

/* Begin PBXProject section */
		3646641B28AE644500844B17 /* Project object */ = {
			isa = PBXProject;
			attributes = {
				BuildIndependentTargetsInParallel = 1;
				LastSwiftUpdateCheck = 1340;
				LastUpgradeCheck = 1340;
				TargetAttributes = {
					3646642228AE644500844B17 = {
						CreatedOnToolsVersion = 13.4.1;
					};
					3646643228AE644600844B17 = {
						CreatedOnToolsVersion = 13.4.1;
						TestTargetID = 3646642228AE644500844B17;
					};
					3646643C28AE644600844B17 = {
						CreatedOnToolsVersion = 13.4.1;
						TestTargetID = 3646642228AE644500844B17;
					};
				};
			};
			buildConfigurationList = 3646641E28AE644500844B17 /* Build configuration list for PBXProject "Network" */;
			compatibilityVersion = "Xcode 13.0";
			developmentRegion = en;
			hasScannedForEncodings = 0;
			knownRegions = (
				en,
				Base,
			);
			mainGroup = 3646641A28AE644500844B17;
			productRefGroup = 3646642428AE644500844B17 /* Products */;
			projectDirPath = "";
			projectRoot = "";
			targets = (
				3646642228AE644500844B17 /* Network */,
				3646643228AE644600844B17 /* NetworkTests */,
				3646643C28AE644600844B17 /* NetworkUITests */,
			);
		};
/* End PBXProject section */

/* Begin PBXResourcesBuildPhase section */
		3646642128AE644500844B17 /* Resources */ = {
			isa = PBXResourcesBuildPhase;
			buildActionMask = 2147483647;
			files = (
				3646642E28AE644600844B17 /* Preview Assets.xcassets in Resources */,
				3646642B28AE644600844B17 /* Assets.xcassets in Resources */,
			);
			runOnlyForDeploymentPostprocessing = 0;
		};
		3646643128AE644600844B17 /* Resources */ = {
			isa = PBXResourcesBuildPhase;
			buildActionMask = 2147483647;
			files = (
			);
			runOnlyForDeploymentPostprocessing = 0;
		};
		3646643B28AE644600844B17 /* Resources */ = {
			isa = PBXResourcesBuildPhase;
			buildActionMask = 2147483647;
			files = (
			);
			runOnlyForDeploymentPostprocessing = 0;
		};
/* End PBXResourcesBuildPhase section */

/* Begin PBXSourcesBuildPhase section */
		3646641F28AE644500844B17 /* Sources */ = {
			isa = PBXSourcesBuildPhase;
			buildActionMask = 2147483647;
			files = (
				3646646228AE899A00844B17 /* UserController.swift in Sources */,
				3646645F28AE825600844B17 /* NewUserView.swift in Sources */,
				3646645D28AE796D00844B17 /* PostsView.swift in Sources */,
				3646642928AE644500844B17 /* ContentView.swift in Sources */,
				3646645828AE6FFB00844B17 /* PostModel.swift in Sources */,
				3646642728AE644500844B17 /* NetworkApp.swift in Sources */,
				3646645628AE6D1800844B17 /* UserModel.swift in Sources */,
				3646645328AE655600844B17 /* ApiService.swift in Sources */,
				3646645B28AE73C000844B17 /* UsersView.swift in Sources */,
			);
			runOnlyForDeploymentPostprocessing = 0;
		};
		3646642F28AE644600844B17 /* Sources */ = {
			isa = PBXSourcesBuildPhase;
			buildActionMask = 2147483647;
			files = (
				3646643828AE644600844B17 /* NetworkTests.swift in Sources */,
			);
			runOnlyForDeploymentPostprocessing = 0;
		};
		3646643928AE644600844B17 /* Sources */ = {
			isa = PBXSourcesBuildPhase;
			buildActionMask = 2147483647;
			files = (
				3646644228AE644600844B17 /* NetworkUITests.swift in Sources */,
				3646644428AE644600844B17 /* NetworkUITestsLaunchTests.swift in Sources */,
			);
			runOnlyForDeploymentPostprocessing = 0;
		};
/* End PBXSourcesBuildPhase section */

/* Begin PBXTargetDependency section */
		3646643528AE644600844B17 /* PBXTargetDependency */ = {
			isa = PBXTargetDependency;
			target = 3646642228AE644500844B17 /* Network */;
			targetProxy = 3646643428AE644600844B17 /* PBXContainerItemProxy */;
		};
		3646643F28AE644600844B17 /* PBXTargetDependency */ = {
			isa = PBXTargetDependency;
			target = 3646642228AE644500844B17 /* Network */;
			targetProxy = 3646643E28AE644600844B17 /* PBXContainerItemProxy */;
		};
/* End PBXTargetDependency section */

/* Begin XCBuildConfiguration section */
		3646644528AE644600844B17 /* Debug */ = {
			isa = XCBuildConfiguration;
			buildSettings = {
				ALWAYS_SEARCH_USER_PATHS = NO;
				CLANG_ANALYZER_NONNULL = YES;
				CLANG_ANALYZER_NUMBER_OBJECT_CONVERSION = YES_AGGRESSIVE;
				CLANG_CXX_LANGUAGE_STANDARD = "gnu++17";
				CLANG_ENABLE_MODULES = YES;
				CLANG_ENABLE_OBJC_ARC = YES;
				CLANG_ENABLE_OBJC_WEAK = YES;
				CLANG_WARN_BLOCK_CAPTURE_AUTORELEASING = YES;
				CLANG_WARN_BOOL_CONVERSION = YES;
				CLANG_WARN_COMMA = YES;
				CLANG_WARN_CONSTANT_CONVERSION = YES;
				CLANG_WARN_DEPRECATED_OBJC_IMPLEMENTATIONS = YES;
				CLANG_WARN_DIRECT_OBJC_ISA_USAGE = YES_ERROR;
				CLANG_WARN_DOCUMENTATION_COMMENTS = YES;
				CLANG_WARN_EMPTY_BODY = YES;
				CLANG_WARN_ENUM_CONVERSION = YES;
				CLANG_WARN_INFINITE_RECURSION = YES;
				CLANG_WARN_INT_CONVERSION = YES;
				CLANG_WARN_NON_LITERAL_NULL_CONVERSION = YES;
				CLANG_WARN_OBJC_IMPLICIT_RETAIN_SELF = YES;
				CLANG_WARN_OBJC_LITERAL_CONVERSION = YES;
				CLANG_WARN_OBJC_ROOT_CLASS = YES_ERROR;
				CLANG_WARN_QUOTED_INCLUDE_IN_FRAMEWORK_HEADER = YES;
				CLANG_WARN_RANGE_LOOP_ANALYSIS = YES;
				CLANG_WARN_STRICT_PROTOTYPES = YES;
				CLANG_WARN_SUSPICIOUS_MOVE = YES;
				CLANG_WARN_UNGUARDED_AVAILABILITY = YES_AGGRESSIVE;
				CLANG_WARN_UNREACHABLE_CODE = YES;
				CLANG_WARN__DUPLICATE_METHOD_MATCH = YES;
				COPY_PHASE_STRIP = NO;
				DEBUG_INFORMATION_FORMAT = dwarf;
				ENABLE_STRICT_OBJC_MSGSEND = YES;
				ENABLE_TESTABILITY = YES;
				GCC_C_LANGUAGE_STANDARD = gnu11;
				GCC_DYNAMIC_NO_PIC = NO;
				GCC_NO_COMMON_BLOCKS = YES;
				GCC_OPTIMIZATION_LEVEL = 0;
				GCC_PREPROCESSOR_DEFINITIONS = (
					"DEBUG=1",
					"$(inherited)",
				);
				GCC_WARN_64_TO_32_BIT_CONVERSION = YES;
				GCC_WARN_ABOUT_RETURN_TYPE = YES_ERROR;
				GCC_WARN_UNDECLARED_SELECTOR = YES;
				GCC_WARN_UNINITIALIZED_AUTOS = YES_AGGRESSIVE;
				GCC_WARN_UNUSED_FUNCTION = YES;
				GCC_WARN_UNUSED_VARIABLE = YES;
				IPHONEOS_DEPLOYMENT_TARGET = 15.5;
				MTL_ENABLE_DEBUG_INFO = INCLUDE_SOURCE;
				MTL_FAST_MATH = YES;
				ONLY_ACTIVE_ARCH = YES;
				SDKROOT = iphoneos;
				SWIFT_ACTIVE_COMPILATION_CONDITIONS = DEBUG;
				SWIFT_OPTIMIZATION_LEVEL = "-Onone";
			};
			name = Debug;
		};
		3646644628AE644600844B17 /* Release */ = {
			isa = XCBuildConfiguration;
			buildSettings = {
				ALWAYS_SEARCH_USER_PATHS = NO;
				CLANG_ANALYZER_NONNULL = YES;
				CLANG_ANALYZER_NUMBER_OBJECT_CONVERSION = YES_AGGRESSIVE;
				CLANG_CXX_LANGUAGE_STANDARD = "gnu++17";
				CLANG_ENABLE_MODULES = YES;
				CLANG_ENABLE_OBJC_ARC = YES;
				CLANG_ENABLE_OBJC_WEAK = YES;
				CLANG_WARN_BLOCK_CAPTURE_AUTORELEASING = YES;
				CLANG_WARN_BOOL_CONVERSION = YES;
				CLANG_WARN_COMMA = YES;
				CLANG_WARN_CONSTANT_CONVERSION = YES;
				CLANG_WARN_DEPRECATED_OBJC_IMPLEMENTATIONS = YES;
				CLANG_WARN_DIRECT_OBJC_ISA_USAGE = YES_ERROR;
				CLANG_WARN_DOCUMENTATION_COMMENTS = YES;
				CLANG_WARN_EMPTY_BODY = YES;
				CLANG_WARN_ENUM_CONVERSION = YES;
				CLANG_WARN_INFINITE_RECURSION = YES;
				CLANG_WARN_INT_CONVERSION = YES;
				CLANG_WARN_NON_LITERAL_NULL_CONVERSION = YES;
				CLANG_WARN_OBJC_IMPLICIT_RETAIN_SELF = YES;
				CLANG_WARN_OBJC_LITERAL_CONVERSION = YES;
				CLANG_WARN_OBJC_ROOT_CLASS = YES_ERROR;
				CLANG_WARN_QUOTED_INCLUDE_IN_FRAMEWORK_HEADER = YES;
				CLANG_WARN_RANGE_LOOP_ANALYSIS = YES;
				CLANG_WARN_STRICT_PROTOTYPES = YES;
				CLANG_WARN_SUSPICIOUS_MOVE = YES;
				CLANG_WARN_UNGUARDED_AVAILABILITY = YES_AGGRESSIVE;
				CLANG_WARN_UNREACHABLE_CODE = YES;
				CLANG_WARN__DUPLICATE_METHOD_MATCH = YES;
				COPY_PHASE_STRIP = NO;
				DEBUG_INFORMATION_FORMAT = "dwarf-with-dsym";
				ENABLE_NS_ASSERTIONS = NO;
				ENABLE_STRICT_OBJC_MSGSEND = YES;
				GCC_C_LANGUAGE_STANDARD = gnu11;
				GCC_NO_COMMON_BLOCKS = YES;
				GCC_WARN_64_TO_32_BIT_CONVERSION = YES;
				GCC_WARN_ABOUT_RETURN_TYPE = YES_ERROR;
				GCC_WARN_UNDECLARED_SELECTOR = YES;
				GCC_WARN_UNINITIALIZED_AUTOS = YES_AGGRESSIVE;
				GCC_WARN_UNUSED_FUNCTION = YES;
				GCC_WARN_UNUSED_VARIABLE = YES;
				IPHONEOS_DEPLOYMENT_TARGET = 15.5;
				MTL_ENABLE_DEBUG_INFO = NO;
				MTL_FAST_MATH = YES;
				SDKROOT = iphoneos;
				SWIFT_COMPILATION_MODE = wholemodule;
				SWIFT_OPTIMIZATION_LEVEL = "-O";
				VALIDATE_PRODUCT = YES;
			};
			name = Release;
		};
		3646644828AE644600844B17 /* Debug */ = {
			isa = XCBuildConfiguration;
			buildSettings = {
				ASSETCATALOG_COMPILER_APPICON_NAME = AppIcon;
				ASSETCATALOG_COMPILER_GLOBAL_ACCENT_COLOR_NAME = AccentColor;
				CODE_SIGN_STYLE = Automatic;
				CURRENT_PROJECT_VERSION = 1;
				DEVELOPMENT_ASSET_PATHS = "\"Network/Preview Content\"";
				DEVELOPMENT_TEAM = 8D2H27TXKN;
				ENABLE_PREVIEWS = YES;
				GENERATE_INFOPLIST_FILE = YES;
				INFOPLIST_KEY_UIApplicationSceneManifest_Generation = YES;
				INFOPLIST_KEY_UIApplicationSupportsIndirectInputEvents = YES;
				INFOPLIST_KEY_UILaunchScreen_Generation = YES;
				INFOPLIST_KEY_UISupportedInterfaceOrientations_iPad = "UIInterfaceOrientationPortrait UIInterfaceOrientationPortraitUpsideDown UIInterfaceOrientationLandscapeLeft UIInterfaceOrientationLandscapeRight";
				INFOPLIST_KEY_UISupportedInterfaceOrientations_iPhone = "UIInterfaceOrientationPortrait UIInterfaceOrientationLandscapeLeft UIInterfaceOrientationLandscapeRight";
				LD_RUNPATH_SEARCH_PATHS = (
					"$(inherited)",
					"@executable_path/Frameworks",
				);
				MARKETING_VERSION = 1.0;
				PRODUCT_BUNDLE_IDENTIFIER = ADAIFCE.Network;
				PRODUCT_NAME = "$(TARGET_NAME)";
				SWIFT_EMIT_LOC_STRINGS = YES;
				SWIFT_VERSION = 5.0;
				TARGETED_DEVICE_FAMILY = "1,2";
			};
			name = Debug;
		};
		3646644928AE644600844B17 /* Release */ = {
			isa = XCBuildConfiguration;
			buildSettings = {
				ASSETCATALOG_COMPILER_APPICON_NAME = AppIcon;
				ASSETCATALOG_COMPILER_GLOBAL_ACCENT_COLOR_NAME = AccentColor;
				CODE_SIGN_STYLE = Automatic;
				CURRENT_PROJECT_VERSION = 1;
				DEVELOPMENT_ASSET_PATHS = "\"Network/Preview Content\"";
				DEVELOPMENT_TEAM = 8D2H27TXKN;
				ENABLE_PREVIEWS = YES;
				GENERATE_INFOPLIST_FILE = YES;
				INFOPLIST_KEY_UIApplicationSceneManifest_Generation = YES;
				INFOPLIST_KEY_UIApplicationSupportsIndirectInputEvents = YES;
				INFOPLIST_KEY_UILaunchScreen_Generation = YES;
				INFOPLIST_KEY_UISupportedInterfaceOrientations_iPad = "UIInterfaceOrientationPortrait UIInterfaceOrientationPortraitUpsideDown UIInterfaceOrientationLandscapeLeft UIInterfaceOrientationLandscapeRight";
				INFOPLIST_KEY_UISupportedInterfaceOrientations_iPhone = "UIInterfaceOrientationPortrait UIInterfaceOrientationLandscapeLeft UIInterfaceOrientationLandscapeRight";
				LD_RUNPATH_SEARCH_PATHS = (
					"$(inherited)",
					"@executable_path/Frameworks",
				);
				MARKETING_VERSION = 1.0;
				PRODUCT_BUNDLE_IDENTIFIER = ADAIFCE.Network;
				PRODUCT_NAME = "$(TARGET_NAME)";
				SWIFT_EMIT_LOC_STRINGS = YES;
				SWIFT_VERSION = 5.0;
				TARGETED_DEVICE_FAMILY = "1,2";
			};
			name = Release;
		};
		3646644B28AE644600844B17 /* Debug */ = {
			isa = XCBuildConfiguration;
			buildSettings = {
				ALWAYS_EMBED_SWIFT_STANDARD_LIBRARIES = YES;
				BUNDLE_LOADER = "$(TEST_HOST)";
				CODE_SIGN_STYLE = Automatic;
				CURRENT_PROJECT_VERSION = 1;
				DEVELOPMENT_TEAM = 8D2H27TXKN;
				GENERATE_INFOPLIST_FILE = YES;
				IPHONEOS_DEPLOYMENT_TARGET = 15.5;
				MARKETING_VERSION = 1.0;
				PRODUCT_BUNDLE_IDENTIFIER = ADAIFCE.NetworkTests;
				PRODUCT_NAME = "$(TARGET_NAME)";
				SWIFT_EMIT_LOC_STRINGS = NO;
				SWIFT_VERSION = 5.0;
				TARGETED_DEVICE_FAMILY = "1,2";
				TEST_HOST = "$(BUILT_PRODUCTS_DIR)/Network.app/Network";
			};
			name = Debug;
		};
		3646644C28AE644600844B17 /* Release */ = {
			isa = XCBuildConfiguration;
			buildSettings = {
				ALWAYS_EMBED_SWIFT_STANDARD_LIBRARIES = YES;
				BUNDLE_LOADER = "$(TEST_HOST)";
				CODE_SIGN_STYLE = Automatic;
				CURRENT_PROJECT_VERSION = 1;
				DEVELOPMENT_TEAM = 8D2H27TXKN;
				GENERATE_INFOPLIST_FILE = YES;
				IPHONEOS_DEPLOYMENT_TARGET = 15.5;
				MARKETING_VERSION = 1.0;
				PRODUCT_BUNDLE_IDENTIFIER = ADAIFCE.NetworkTests;
				PRODUCT_NAME = "$(TARGET_NAME)";
				SWIFT_EMIT_LOC_STRINGS = NO;
				SWIFT_VERSION = 5.0;
				TARGETED_DEVICE_FAMILY = "1,2";
				TEST_HOST = "$(BUILT_PRODUCTS_DIR)/Network.app/Network";
			};
			name = Release;
		};
		3646644E28AE644600844B17 /* Debug */ = {
			isa = XCBuildConfiguration;
			buildSettings = {
				ALWAYS_EMBED_SWIFT_STANDARD_LIBRARIES = YES;
				CODE_SIGN_STYLE = Automatic;
				CURRENT_PROJECT_VERSION = 1;
				DEVELOPMENT_TEAM = 8D2H27TXKN;
				GENERATE_INFOPLIST_FILE = YES;
				MARKETING_VERSION = 1.0;
				PRODUCT_BUNDLE_IDENTIFIER = ADAIFCE.NetworkUITests;
				PRODUCT_NAME = "$(TARGET_NAME)";
				SWIFT_EMIT_LOC_STRINGS = NO;
				SWIFT_VERSION = 5.0;
				TARGETED_DEVICE_FAMILY = "1,2";
				TEST_TARGET_NAME = Network;
			};
			name = Debug;
		};
		3646644F28AE644600844B17 /* Release */ = {
			isa = XCBuildConfiguration;
			buildSettings = {
				ALWAYS_EMBED_SWIFT_STANDARD_LIBRARIES = YES;
				CODE_SIGN_STYLE = Automatic;
				CURRENT_PROJECT_VERSION = 1;
				DEVELOPMENT_TEAM = 8D2H27TXKN;
				GENERATE_INFOPLIST_FILE = YES;
				MARKETING_VERSION = 1.0;
				PRODUCT_BUNDLE_IDENTIFIER = ADAIFCE.NetworkUITests;
				PRODUCT_NAME = "$(TARGET_NAME)";
				SWIFT_EMIT_LOC_STRINGS = NO;
				SWIFT_VERSION = 5.0;
				TARGETED_DEVICE_FAMILY = "1,2";
				TEST_TARGET_NAME = Network;
			};
			name = Release;
		};
/* End XCBuildConfiguration section */

/* Begin XCConfigurationList section */
		3646641E28AE644500844B17 /* Build configuration list for PBXProject "Network" */ = {
			isa = XCConfigurationList;
			buildConfigurations = (
				3646644528AE644600844B17 /* Debug */,
				3646644628AE644600844B17 /* Release */,
			);
			defaultConfigurationIsVisible = 0;
			defaultConfigurationName = Release;
		};
		3646644728AE644600844B17 /* Build configuration list for PBXNativeTarget "Network" */ = {
			isa = XCConfigurationList;
			buildConfigurations = (
				3646644828AE644600844B17 /* Debug */,
				3646644928AE644600844B17 /* Release */,
			);
			defaultConfigurationIsVisible = 0;
			defaultConfigurationName = Release;
		};
		3646644A28AE644600844B17 /* Build configuration list for PBXNativeTarget "NetworkTests" */ = {
			isa = XCConfigurationList;
			buildConfigurations = (
				3646644B28AE644600844B17 /* Debug */,
				3646644C28AE644600844B17 /* Release */,
			);
			defaultConfigurationIsVisible = 0;
			defaultConfigurationName = Release;
		};
		3646644D28AE644600844B17 /* Build configuration list for PBXNativeTarget "NetworkUITests" */ = {
			isa = XCConfigurationList;
			buildConfigurations = (
				3646644E28AE644600844B17 /* Debug */,
				3646644F28AE644600844B17 /* Release */,
			);
			defaultConfigurationIsVisible = 0;
			defaultConfigurationName = Release;
		};
/* End XCConfigurationList section */
	};
	rootObject = 3646641B28AE644500844B17 /* Project object */;
}
